{
  "version": 4,
  "terraform_version": "1.10.4",
  "serial": 18,
  "lineage": "bca86803-109e-6a17-e73f-1e957746da4d",
  "outputs": {},
  "resources": [
    {
      "mode": "data",
      "type": "local_file",
      "name": "dog",
      "provider": "provider[\"registry.terraform.io/hashicorp/local\"]",
      "instances": [
        {
          "schema_version": 0,
          "attributes": {
            "content": "Dogs are awesome!",
            "content_base64": "RG9ncyBhcmUgYXdlc29tZSE=",
            "content_base64sha256": "IgeDqu8FetCYxnpmRkUi/Rn7H0IGNCyyfBmdATYJZU4=",
            "content_base64sha512": "rij0oxRTMBTq57fTgtszanxbrkyfVXLjxvqDkesA9G06Q67Vg2nhLg2/eixaIG+aTxVOGJr9BLefGVpS5hnZ9Q==",
            "content_md5": "de991aa22200f7dba02f6e2e8bc1e291",
            "content_sha1": "6f2d8a103966f29735e515efa6a0d32087839de8",
            "content_sha256": "220783aaef057ad098c67a66464522fd19fb1f4206342cb27c199d013609654e",
            "content_sha512": "ae28f4a314533014eae7b7d382db336a7c5bae4c9f5572e3c6fa8391eb00f46d3a43aed58369e12e0dbf7a2c5a206f9a4f154e189afd04b79f195a52e619d9f5",
            "filename": "./dog.txt",
            "id": "6f2d8a103966f29735e515efa6a0d32087839de8"
          },
          "sensitive_attributes": []
        }
      ]
    },
    {
      "mode": "managed",
      "type": "local_file",
      "name": "pet",
      "provider": "provider[\"registry.terraform.io/hashicorp/local\"]",
      "instances": [
        {
          "index_key": 0,
          "schema_version": 0,
          "attributes": {
            "content": "My favorite pet is Sir.keen.amoeba",
            "content_base64": null,
            "content_base64sha256": "2AhpScY0w9qee1RgaCdX0XDuwR0ZgjELPIUb0CBK23I=",
            "content_base64sha512": "wWsqfSaTDZFT1EEniJPnLpHNz93NSYUEIzmIRMTjJP60F9cErGfKSUbi9Dh/T4BJLhJcKNxTRDQrj+1vqA8nog==",
            "content_md5": "97ac659a7ba7b036773a0316d5b26e34",
            "content_sha1": "775920e3631204776277de4860c092ea49880001",
            "content_sha256": "d8086949c634c3da9e7b5460682757d170eec11d1982310b3c851bd0204adb72",
            "content_sha512": "c16b2a7d26930d9153d441278893e72e91cdcfddcd49850423398844c4e324feb417d704ac67ca4946e2f4387f4f80492e125c28dc5344342b8fed6fa80f27a2",
            "directory_permission": "0777",
            "file_permission": "0700",
            "filename": "./pets.txt",
            "id": "775920e3631204776277de4860c092ea49880001",
            "sensitive_content": null,
            "source": null
          },
          "sensitive_attributes": [
            [
              {
                "type": "get_attr",
                "value": "sensitive_content"
              }
            ]
          ],
          "dependencies": [
            "random_pet.my-pet"
          ]
        },
        {
          "index_key": 1,
          "schema_version": 0,
          "attributes": {
            "content": "My favorite pet is Sir.keen.amoeba",
            "content_base64": null,
            "content_base64sha256": "2AhpScY0w9qee1RgaCdX0XDuwR0ZgjELPIUb0CBK23I=",
            "content_base64sha512": "wWsqfSaTDZFT1EEniJPnLpHNz93NSYUEIzmIRMTjJP60F9cErGfKSUbi9Dh/T4BJLhJcKNxTRDQrj+1vqA8nog==",
            "content_md5": "97ac659a7ba7b036773a0316d5b26e34",
            "content_sha1": "775920e3631204776277de4860c092ea49880001",
            "content_sha256": "d8086949c634c3da9e7b5460682757d170eec11d1982310b3c851bd0204adb72",
            "content_sha512": "c16b2a7d26930d9153d441278893e72e91cdcfddcd49850423398844c4e324feb417d704ac67ca4946e2f4387f4f80492e125c28dc5344342b8fed6fa80f27a2",
            "directory_permission": "0777",
            "file_permission": "0700",
            "filename": "./dogs.txt",
            "id": "775920e3631204776277de4860c092ea49880001",
            "sensitive_content": null,
            "source": null
          },
          "sensitive_attributes": [
            [
              {
                "type": "get_attr",
                "value": "sensitive_content"
              }
            ]
          ],
          "dependencies": [
            "random_pet.my-pet"
          ]
        },
        {
          "index_key": 2,
          "schema_version": 0,
          "attributes": {
            "content": "My favorite pet is Sir.keen.amoeba",
            "content_base64": null,
            "content_base64sha256": "2AhpScY0w9qee1RgaCdX0XDuwR0ZgjELPIUb0CBK23I=",
            "content_base64sha512": "wWsqfSaTDZFT1EEniJPnLpHNz93NSYUEIzmIRMTjJP60F9cErGfKSUbi9Dh/T4BJLhJcKNxTRDQrj+1vqA8nog==",
            "content_md5": "97ac659a7ba7b036773a0316d5b26e34",
            "content_sha1": "775920e3631204776277de4860c092ea49880001",
            "content_sha256": "d8086949c634c3da9e7b5460682757d170eec11d1982310b3c851bd0204adb72",
            "content_sha512": "c16b2a7d26930d9153d441278893e72e91cdcfddcd49850423398844c4e324feb417d704ac67ca4946e2f4387f4f80492e125c28dc5344342b8fed6fa80f27a2",
            "directory_permission": "0777",
            "file_permission": "0700",
            "filename": "./cats.txt",
            "id": "775920e3631204776277de4860c092ea49880001",
            "sensitive_content": null,
            "source": null
          },
          "sensitive_attributes": [
            [
              {
                "type": "get_attr",
                "value": "sensitive_content"
              }
            ]
          ],
          "dependencies": [
            "random_pet.my-pet"
          ]
        },
        {
          "index_key": 3,
          "schema_version": 0,
          "attributes": {
            "content": "My favorite pet is Sir.keen.amoeba",
            "content_base64": null,
            "content_base64sha256": "2AhpScY0w9qee1RgaCdX0XDuwR0ZgjELPIUb0CBK23I=",
            "content_base64sha512": "wWsqfSaTDZFT1EEniJPnLpHNz93NSYUEIzmIRMTjJP60F9cErGfKSUbi9Dh/T4BJLhJcKNxTRDQrj+1vqA8nog==",
            "content_md5": "97ac659a7ba7b036773a0316d5b26e34",
            "content_sha1": "775920e3631204776277de4860c092ea49880001",
            "content_sha256": "d8086949c634c3da9e7b5460682757d170eec11d1982310b3c851bd0204adb72",
            "content_sha512": "c16b2a7d26930d9153d441278893e72e91cdcfddcd49850423398844c4e324feb417d704ac67ca4946e2f4387f4f80492e125c28dc5344342b8fed6fa80f27a2",
            "directory_permission": "0777",
            "file_permission": "0700",
            "filename": "./birds.txt",
            "id": "775920e3631204776277de4860c092ea49880001",
            "sensitive_content": null,
            "source": null
          },
          "sensitive_attributes": [
            [
              {
                "type": "get_attr",
                "value": "sensitive_content"
              }
            ]
          ],
          "dependencies": [
            "random_pet.my-pet"
          ]
        },
        {
          "index_key": 4,
          "schema_version": 0,
          "attributes": {
            "content": "My favorite pet is Sir.keen.amoeba",
            "content_base64": null,
            "content_base64sha256": "2AhpScY0w9qee1RgaCdX0XDuwR0ZgjELPIUb0CBK23I=",
            "content_base64sha512": "wWsqfSaTDZFT1EEniJPnLpHNz93NSYUEIzmIRMTjJP60F9cErGfKSUbi9Dh/T4BJLhJcKNxTRDQrj+1vqA8nog==",
            "content_md5": "97ac659a7ba7b036773a0316d5b26e34",
            "content_sha1": "775920e3631204776277de4860c092ea49880001",
            "content_sha256": "d8086949c634c3da9e7b5460682757d170eec11d1982310b3c851bd0204adb72",
            "content_sha512": "c16b2a7d26930d9153d441278893e72e91cdcfddcd49850423398844c4e324feb417d704ac67ca4946e2f4387f4f80492e125c28dc5344342b8fed6fa80f27a2",
            "directory_permission": "0777",
            "file_permission": "0700",
            "filename": "./fish.txt",
            "id": "775920e3631204776277de4860c092ea49880001",
            "sensitive_content": null,
            "source": null
          },
          "sensitive_attributes": [
            [
              {
                "type": "get_attr",
                "value": "sensitive_content"
              }
            ]
          ],
          "dependencies": [
            "random_pet.my-pet"
          ]
        }
      ]
    },
    {
      "mode": "managed",
      "type": "local_file",
      "name": "pet-dog",
      "provider": "provider[\"registry.terraform.io/hashicorp/local\"]",
      "instances": [
        {
          "schema_version": 0,
          "attributes": {
            "content": "Dogs are awesome!",
            "content_base64": null,
            "content_base64sha256": "IgeDqu8FetCYxnpmRkUi/Rn7H0IGNCyyfBmdATYJZU4=",
            "content_base64sha512": "rij0oxRTMBTq57fTgtszanxbrkyfVXLjxvqDkesA9G06Q67Vg2nhLg2/eixaIG+aTxVOGJr9BLefGVpS5hnZ9Q==",
            "content_md5": "de991aa22200f7dba02f6e2e8bc1e291",
            "content_sha1": "6f2d8a103966f29735e515efa6a0d32087839de8",
            "content_sha256": "220783aaef057ad098c67a66464522fd19fb1f4206342cb27c199d013609654e",
            "content_sha512": "ae28f4a314533014eae7b7d382db336a7c5bae4c9f5572e3c6fa8391eb00f46d3a43aed58369e12e0dbf7a2c5a206f9a4f154e189afd04b79f195a52e619d9f5",
            "directory_permission": "0777",
            "file_permission": "0777",
            "filename": "./MyDog",
            "id": "6f2d8a103966f29735e515efa6a0d32087839de8",
            "sensitive_content": null,
            "source": null
          },
          "sensitive_attributes": [
            [
              {
                "type": "get_attr",
                "value": "sensitive_content"
              }
            ]
          ],
          "dependencies": [
            "data.local_file.dog"
          ]
        }
      ]
    },
    {
      "mode": "managed",
      "type": "random_pet",
      "name": "my-pet",
      "provider": "provider[\"registry.terraform.io/hashicorp/random\"]",
      "instances": [
        {
          "schema_version": 0,
          "attributes": {
            "id": "Sir.keen.amoeba",
            "keepers": null,
            "length": 2,
            "prefix": "Sir",
            "separator": "."
          },
          "sensitive_attributes": []
        }
      ]
    }
  ],
  "check_results": null
}
