{
  "version": 4,
  "terraform_version": "1.10.4",
  "serial": 20,
  "lineage": "8bcd2dd7-f9fa-7c00-7d07-7621a8add5d5",
  "outputs": {},
  "resources": [
    {
      "mode": "managed",
      "type": "local_file",
      "name": "pet",
      "provider": "provider[\"registry.terraform.io/hashicorp/local\"]",
      "instances": [
        {
          "schema_version": 0,
          "attributes": {
            "content": "My favorite pet is a dog",
            "content_base64": null,
            "content_base64sha256": "RdHQo809MRv8LCXnHNLhLKokLjkms+Y5W7GZoktEymc=",
            "content_base64sha512": "XCHh74e/ocNaNIVDVhmXA9GGSU/8UTqjT15xEEOxC1XNst7KzkB+qGrSbtUEXzjFkUQDAK2iru94snZAEGi53w==",
            "content_md5": "bcb9fce1607d1a397bb3c89db56fda7e",
            "content_sha1": "ee0801baaf0c3a21be7aefdeead38a234435bbb1",
            "content_sha256": "45d1d0a3cd3d311bfc2c25e71cd2e12caa242e3926b3e6395bb199a24b44ca67",
            "content_sha512": "5c21e1ef87bfa1c35a34854356199703d186494ffc513aa34f5e711043b10b55cdb2decace407ea86ad26ed5045f38c591440300ada2aeef78b276401068b9df",
            "directory_permission": "0777",
            "file_permission": "0700",
            "filename": "./pets.txt",
            "id": "ee0801baaf0c3a21be7aefdeead38a234435bbb1",
            "sensitive_content": null,
            "source": null
          },
          "sensitive_attributes": [
            [
              {
                "type": "get_attr",
                "value": "sensitive_content"
              }
            ]
          ]
        }
      ]
    },
    {
      "mode": "managed",
      "type": "random_pet",
      "name": "my-pet",
      "provider": "provider[\"registry.terraform.io/hashicorp/random\"]",
      "instances": [
        {
          "schema_version": 0,
          "attributes": {
            "id": "Mr.careful.moose",
            "keepers": null,
            "length": 2,
            "prefix": "Mr",
            "separator": "."
          },
          "sensitive_attributes": []
        }
      ]
    }
  ],
  "check_results": null
}
